
Microsoft Visual Studio Solution File, Format Version 12.00
# Visual Studio Version 17
VisualStudioVersion = 17.8.34511.84
MinimumVisualStudioVersion = 10.0.40219.1
Project("{8BC9CEB8-8B4A-11D0-8D11-00A0C91BC942}") = "GoJoong_Start", "GoJoong_Start.vcxproj", "{CD94866B-80BF-49EA-956B-794245A5EADA}"
EndProject
Global
	GlobalSection(SolutionConfigurationPlatforms) = preSolution
		Debug|x64 = Debug|x64
		Debug|x86 = Debug|x86
		Release|x64 = Release|x64
		Release|x86 = Release|x86
	EndGlobalSection
	GlobalSection(ProjectConfigurationPlatforms) = postSolution
		{CD94866B-80BF-49EA-956B-794245A5EADA}.Debug|x64.ActiveCfg = Debug|x64
		{CD94866B-80BF-49EA-956B-794245A5EADA}.Debug|x64.Build.0 = Debug|x64
		{CD94866B-80BF-49EA-956B-794245A5EADA}.Debug|x86.ActiveCfg = Debug|Win32
		{CD94866B-80BF-49EA-956B-794245A5EADA}.Debug|x86.Build.0 = Debug|Win32
		{CD94866B-80BF-49EA-956B-794245A5EADA}.Release|x64.ActiveCfg = Release|x64
		{CD94866B-80BF-49EA-956B-794245A5EADA}.Release|x64.Build.0 = Release|x64
		{CD94866B-80BF-49EA-956B-794245A5EADA}.Release|x86.ActiveCfg = Release|Win32
		{CD94866B-80BF-49EA-956B-794245A5EADA}.Release|x86.Build.0 = Release|Win32
	EndGlobalSection
	GlobalSection(SolutionProperties) = preSolution
		HideSolutionNode = FALSE
	EndGlobalSection
	GlobalSection(ExtensibilityGlobals) = postSolution
		SolutionGuid = {A3B7F931-1026-4788-B646-4D49700C8B63}
	EndGlobalSection
EndGlobal
